
Microsoft Visual Studio Solution File, Format Version 12.00
# Visual Studio Version 17
VisualStudioVersion = 17.14.36717.8 d17.14
MinimumVisualStudioVersion = 10.0.40219.1
Project("{FAE04EC0-301F-11D3-BF4B-00C04F79EFBC}") = "ConsoleProject", "ConsoleProject.csproj", "{D591781E-A41A-46D0-A5C5-49656D5AC441}"
EndProject
Global
	GlobalSection(SolutionConfigurationPlatforms) = preSolution
		Debug|Any CPU = Debug|Any CPU
		Release|Any CPU = Release|Any CPU
	EndGlobalSection
	GlobalSection(ProjectConfigurationPlatforms) = postSolution
		{D591781E-A41A-46D0-A5C5-49656D5AC441}.Debug|Any CPU.ActiveCfg = Debug|Any CPU
		{D591781E-A41A-46D0-A5C5-49656D5AC441}.Debug|Any CPU.Build.0 = Debug|Any CPU
		{D591781E-A41A-46D0-A5C5-49656D5AC441}.Release|Any CPU.ActiveCfg = Release|Any CPU
		{D591781E-A41A-46D0-A5C5-49656D5AC441}.Release|Any CPU.Build.0 = Release|Any CPU
	EndGlobalSection
	GlobalSection(SolutionProperties) = preSolution
		HideSolutionNode = FALSE
	EndGlobalSection
	GlobalSection(ExtensibilityGlobals) = postSolution
		SolutionGuid = {51E1D3CC-9CCF-40A3-A79B-537C47E9CABD}
	EndGlobalSection
EndGlobal
